
Microsoft Visual Studio Solution File, Format Version 12.00
# Visual Studio Version 17
VisualStudioVersion = 17.5.002.0
MinimumVisualStudioVersion = 10.0.40219.1
Project("{9A19103F-16F7-4668-BE54-9A1E7A4F7556}") = "030_list_of_T", "030_list_of_T.csproj", "{EA3FE101-4F69-4B96-99A3-5326D89265B5}"
EndProject
Global
	GlobalSection(SolutionConfigurationPlatforms) = preSolution
		Debug|Any CPU = Debug|Any CPU
		Release|Any CPU = Release|Any CPU
	EndGlobalSection
	GlobalSection(ProjectConfigurationPlatforms) = postSolution
		{EA3FE101-4F69-4B96-99A3-5326D89265B5}.Debug|Any CPU.ActiveCfg = Debug|Any CPU
		{EA3FE101-4F69-4B96-99A3-5326D89265B5}.Debug|Any CPU.Build.0 = Debug|Any CPU
		{EA3FE101-4F69-4B96-99A3-5326D89265B5}.Release|Any CPU.ActiveCfg = Release|Any CPU
		{EA3FE101-4F69-4B96-99A3-5326D89265B5}.Release|Any CPU.Build.0 = Release|Any CPU
	EndGlobalSection
	GlobalSection(SolutionProperties) = preSolution
		HideSolutionNode = FALSE
	EndGlobalSection
	GlobalSection(ExtensibilityGlobals) = postSolution
		SolutionGuid = {D41E4C67-76F5-4819-9763-03BE8913511B}
	EndGlobalSection
EndGlobal
