
Microsoft Visual Studio Solution File, Format Version 12.00
# Visual Studio Version 17
VisualStudioVersion = 17.5.002.0
MinimumVisualStudioVersion = 10.0.40219.1
Project("{9A19103F-16F7-4668-BE54-9A1E7A4F7556}") = "013_placeholder", "013_placeholder.csproj", "{20322DAB-4166-4452-8EA7-9F9CA01E6D71}"
EndProject
Global
	GlobalSection(SolutionConfigurationPlatforms) = preSolution
		Debug|Any CPU = Debug|Any CPU
		Release|Any CPU = Release|Any CPU
	EndGlobalSection
	GlobalSection(ProjectConfigurationPlatforms) = postSolution
		{20322DAB-4166-4452-8EA7-9F9CA01E6D71}.Debug|Any CPU.ActiveCfg = Debug|Any CPU
		{20322DAB-4166-4452-8EA7-9F9CA01E6D71}.Debug|Any CPU.Build.0 = Debug|Any CPU
		{20322DAB-4166-4452-8EA7-9F9CA01E6D71}.Release|Any CPU.ActiveCfg = Release|Any CPU
		{20322DAB-4166-4452-8EA7-9F9CA01E6D71}.Release|Any CPU.Build.0 = Release|Any CPU
	EndGlobalSection
	GlobalSection(SolutionProperties) = preSolution
		HideSolutionNode = FALSE
	EndGlobalSection
	GlobalSection(ExtensibilityGlobals) = postSolution
		SolutionGuid = {05DD6D8E-5B09-4BA1-8146-83F0D9E2934F}
	EndGlobalSection
EndGlobal
