
Microsoft Visual Studio Solution File, Format Version 12.00
# Visual Studio Version 17
VisualStudioVersion = 17.5.002.0
MinimumVisualStudioVersion = 10.0.40219.1
Project("{9A19103F-16F7-4668-BE54-9A1E7A4F7556}") = "205_for_loops", "205_for_loops.csproj", "{B050CE9D-5D13-4748-B074-0FA2F0F4128F}"
EndProject
Global
	GlobalSection(SolutionConfigurationPlatforms) = preSolution
		Debug|Any CPU = Debug|Any CPU
		Release|Any CPU = Release|Any CPU
	EndGlobalSection
	GlobalSection(ProjectConfigurationPlatforms) = postSolution
		{B050CE9D-5D13-4748-B074-0FA2F0F4128F}.Debug|Any CPU.ActiveCfg = Debug|Any CPU
		{B050CE9D-5D13-4748-B074-0FA2F0F4128F}.Debug|Any CPU.Build.0 = Debug|Any CPU
		{B050CE9D-5D13-4748-B074-0FA2F0F4128F}.Release|Any CPU.ActiveCfg = Release|Any CPU
		{B050CE9D-5D13-4748-B074-0FA2F0F4128F}.Release|Any CPU.Build.0 = Release|Any CPU
	EndGlobalSection
	GlobalSection(SolutionProperties) = preSolution
		HideSolutionNode = FALSE
	EndGlobalSection
	GlobalSection(ExtensibilityGlobals) = postSolution
		SolutionGuid = {C4A71D74-9B66-42C3-98A8-E0F8B0D23E74}
	EndGlobalSection
EndGlobal
