
Microsoft Visual Studio Solution File, Format Version 12.00
# Visual Studio Version 17
VisualStudioVersion = 17.5.002.0
MinimumVisualStudioVersion = 10.0.40219.1
Project("{9A19103F-16F7-4668-BE54-9A1E7A4F7556}") = "022_rows_and_columns", "022_rows_and_columns.csproj", "{B8BDA4D6-5733-4237-987B-E66E90E6B656}"
EndProject
Global
	GlobalSection(SolutionConfigurationPlatforms) = preSolution
		Debug|Any CPU = Debug|Any CPU
		Release|Any CPU = Release|Any CPU
	EndGlobalSection
	GlobalSection(ProjectConfigurationPlatforms) = postSolution
		{B8BDA4D6-5733-4237-987B-E66E90E6B656}.Debug|Any CPU.ActiveCfg = Debug|Any CPU
		{B8BDA4D6-5733-4237-987B-E66E90E6B656}.Debug|Any CPU.Build.0 = Debug|Any CPU
		{B8BDA4D6-5733-4237-987B-E66E90E6B656}.Release|Any CPU.ActiveCfg = Release|Any CPU
		{B8BDA4D6-5733-4237-987B-E66E90E6B656}.Release|Any CPU.Build.0 = Release|Any CPU
	EndGlobalSection
	GlobalSection(SolutionProperties) = preSolution
		HideSolutionNode = FALSE
	EndGlobalSection
	GlobalSection(ExtensibilityGlobals) = postSolution
		SolutionGuid = {E0991C64-EE16-489C-838E-48C3CB2E3BD8}
	EndGlobalSection
EndGlobal
