
Microsoft Visual Studio Solution File, Format Version 12.00
# Visual Studio Version 17
VisualStudioVersion = 17.5.002.0
MinimumVisualStudioVersion = 10.0.40219.1
Project("{9A19103F-16F7-4668-BE54-9A1E7A4F7556}") = "027_battle_challenge", "027_battle_challenge.csproj", "{78E5E3D5-B86B-47EF-89B2-0A3D72E5F3BB}"
EndProject
Global
	GlobalSection(SolutionConfigurationPlatforms) = preSolution
		Debug|Any CPU = Debug|Any CPU
		Release|Any CPU = Release|Any CPU
	EndGlobalSection
	GlobalSection(ProjectConfigurationPlatforms) = postSolution
		{78E5E3D5-B86B-47EF-89B2-0A3D72E5F3BB}.Debug|Any CPU.ActiveCfg = Debug|Any CPU
		{78E5E3D5-B86B-47EF-89B2-0A3D72E5F3BB}.Debug|Any CPU.Build.0 = Debug|Any CPU
		{78E5E3D5-B86B-47EF-89B2-0A3D72E5F3BB}.Release|Any CPU.ActiveCfg = Release|Any CPU
		{78E5E3D5-B86B-47EF-89B2-0A3D72E5F3BB}.Release|Any CPU.Build.0 = Release|Any CPU
	EndGlobalSection
	GlobalSection(SolutionProperties) = preSolution
		HideSolutionNode = FALSE
	EndGlobalSection
	GlobalSection(ExtensibilityGlobals) = postSolution
		SolutionGuid = {BF326FA6-618B-4C8F-8A5A-7EF241D79B28}
	EndGlobalSection
EndGlobal
